
Microsoft Visual Studio Solution File, Format Version 12.00
# Visual Studio Version 17
VisualStudioVersion = 17.10.34928.147
MinimumVisualStudioVersion = 10.0.40219.1
Project("{00D1A9C2-B5F0-4AF3-8072-F6C62B433612}") = "SQLDatabaseProject", "SQLDatabaseProject.sqlproj", "{8C872599-7077-46E3-8335-F47945F6EB81}"
EndProject
Global
	GlobalSection(SolutionConfigurationPlatforms) = preSolution
		Debug|Any CPU = Debug|Any CPU
		Release|Any CPU = Release|Any CPU
	EndGlobalSection
	GlobalSection(ProjectConfigurationPlatforms) = postSolution
		{8C872599-7077-46E3-8335-F47945F6EB81}.Debug|Any CPU.ActiveCfg = Debug|Any CPU
		{8C872599-7077-46E3-8335-F47945F6EB81}.Debug|Any CPU.Build.0 = Debug|Any CPU
		{8C872599-7077-46E3-8335-F47945F6EB81}.Debug|Any CPU.Deploy.0 = Debug|Any CPU
		{8C872599-7077-46E3-8335-F47945F6EB81}.Release|Any CPU.ActiveCfg = Release|Any CPU
		{8C872599-7077-46E3-8335-F47945F6EB81}.Release|Any CPU.Build.0 = Release|Any CPU
		{8C872599-7077-46E3-8335-F47945F6EB81}.Release|Any CPU.Deploy.0 = Release|Any CPU
	EndGlobalSection
	GlobalSection(SolutionProperties) = preSolution
		HideSolutionNode = FALSE
	EndGlobalSection
	GlobalSection(ExtensibilityGlobals) = postSolution
		SolutionGuid = {017CD900-F56C-41A8-90AD-9C8AA637B380}
	EndGlobalSection
EndGlobal
